
Microsoft Visual Studio Solution File, Format Version 12.00
# Visual Studio Version 17
VisualStudioVersion = 17.7.34024.191
MinimumVisualStudioVersion = 10.0.40219.1
Project("{FAE04EC0-301F-11D3-BF4B-00C04F79EFBC}") = "Challgeapp", "Challgeapp.csproj", "{F516FEDC-A4B0-46CD-8C36-221EFA307088}"
EndProject
Global
	GlobalSection(SolutionConfigurationPlatforms) = preSolution
		Debug|Any CPU = Debug|Any CPU
		Release|Any CPU = Release|Any CPU
	EndGlobalSection
	GlobalSection(ProjectConfigurationPlatforms) = postSolution
		{F516FEDC-A4B0-46CD-8C36-221EFA307088}.Debug|Any CPU.ActiveCfg = Debug|Any CPU
		{F516FEDC-A4B0-46CD-8C36-221EFA307088}.Debug|Any CPU.Build.0 = Debug|Any CPU
		{F516FEDC-A4B0-46CD-8C36-221EFA307088}.Release|Any CPU.ActiveCfg = Release|Any CPU
		{F516FEDC-A4B0-46CD-8C36-221EFA307088}.Release|Any CPU.Build.0 = Release|Any CPU
	EndGlobalSection
	GlobalSection(SolutionProperties) = preSolution
		HideSolutionNode = FALSE
	EndGlobalSection
	GlobalSection(ExtensibilityGlobals) = postSolution
		SolutionGuid = {37B3E69D-1481-4612-BC42-E2A6671B1B7B}
	EndGlobalSection
EndGlobal
